
Microsoft Visual Studio Solution File, Format Version 12.00
# Visual Studio Version 17
VisualStudioVersion = 17.5.33530.505
MinimumVisualStudioVersion = 10.0.40219.1
Project("{FAE04EC0-301F-11D3-BF4B-00C04F79EFBC}") = "Formatter", "Formatter\Formatter.csproj", "{26E66BD0-6B8B-4CB2-894C-DC05F1349127}"
EndProject
Project("{FAE04EC0-301F-11D3-BF4B-00C04F79EFBC}") = "Library", "Library\Library.csproj", "{E802B070-B903-4B11-863D-B9762AF79A88}"
EndProject
Global
	GlobalSection(SolutionConfigurationPlatforms) = preSolution
		Debug|Any CPU = Debug|Any CPU
		Release|Any CPU = Release|Any CPU
	EndGlobalSection
	GlobalSection(ProjectConfigurationPlatforms) = postSolution
		{26E66BD0-6B8B-4CB2-894C-DC05F1349127}.Debug|Any CPU.ActiveCfg = Debug|Any CPU
		{26E66BD0-6B8B-4CB2-894C-DC05F1349127}.Debug|Any CPU.Build.0 = Debug|Any CPU
		{26E66BD0-6B8B-4CB2-894C-DC05F1349127}.Release|Any CPU.ActiveCfg = Release|Any CPU
		{26E66BD0-6B8B-4CB2-894C-DC05F1349127}.Release|Any CPU.Build.0 = Release|Any CPU
		{E802B070-B903-4B11-863D-B9762AF79A88}.Debug|Any CPU.ActiveCfg = Debug|Any CPU
		{E802B070-B903-4B11-863D-B9762AF79A88}.Debug|Any CPU.Build.0 = Debug|Any CPU
		{E802B070-B903-4B11-863D-B9762AF79A88}.Release|Any CPU.ActiveCfg = Release|Any CPU
		{E802B070-B903-4B11-863D-B9762AF79A88}.Release|Any CPU.Build.0 = Release|Any CPU
	EndGlobalSection
	GlobalSection(SolutionProperties) = preSolution
		HideSolutionNode = FALSE
	EndGlobalSection
	GlobalSection(ExtensibilityGlobals) = postSolution
		SolutionGuid = {906C2DDB-6B63-409F-8422-CA236BD5E740}
	EndGlobalSection
EndGlobal
